{
  "name": "ossprey-detection-test",
  "version": "0.0.0",
  "lockfileVersion": 3,
  "requires": true,
  "packages": {
    "": {
      "name": "ossprey-detection-test",
      "version": "0.0.0",
      "license": "UNLICENSED",
      "dependencies": {
        "@cacheable/memory": "2.2.1",
        "keyv": "6.0.0"
      }
    },
    "node_modules/@cacheable/memory": {
      "version": "2.2.1",
      "resolved": "https://registry.npmjs.org/@cacheable/memory/-/memory-2.2.1.tgz"
    },
    "node_modules/keyv": {
      "version": "6.0.0",
      "resolved": "https://registry.npmjs.org/keyv/-/keyv-6.0.0.tgz"
    }
  }
}
